<?xml version="1.0" encoding="utf-8"?>
<Project ToolsVersion="4.0" xmlns="http://schemas.microsoft.com/developer/msbuild/2003">
  <ItemGroup>
    <Filter Include="src">
      <UniqueIdentifier>{4FC737F1-C7A5-4376-A066-2A32D752A2FF}</UniqueIdentifier>
      <Extensions>cpp;c;cc;cxx;def;odl;idl;hpj;bat;asm;asmx</Extensions>
    </Filter>
  </ItemGroup>
  <ItemGroup>
    <ClInclude Include="..\src\chk.h">
      <Filter>src</Filter>
    </ClInclude>
    <ClInclude Include="..\src\constants.h">
      <Filter>src</Filter>
    </ClInclude>
    <ClInclude Include="..\src\dimchunk.h">
      <Filter>src</Filter>
    </ClInclude>
    <ClInclude Include="..\src\enums.h">
      <Filter>src</Filter>
    </ClInclude>
    <ClInclude Include="..\src\ichunk.h">
      <Filter>src</Filter>
    </ClInclude>
    <ClInclude Include="..\src\iownchunk.h">
      <Filter>src</Filter>
    </ClInclude>
    <ClInclude Include="..\src\ownrchunk.h">
      <Filter>src</Filter>
    </ClInclude>
    <ClInclude Include="..\src\verchunk.h">
      <Filter>src</Filter>
    </ClInclude>
    <ClInclude Include="..\src\wavchunk.h">
      <Filter>src</Filter>
    </ClInclude>
    <ClInclude Include="..\src\sprpchunk.h">
      <Filter>src</Filter>
    </ClInclude>
    <ClInclude Include="..\src\uprpchunk.h">
      <Filter>src</Filter>
    </ClInclude>
    <ClInclude Include="..\src\upuschunk.h">
      <Filter>src</Filter>
    </ClInclude>
    <ClInclude Include="..\src\mrgnchunk.h">
      <Filter>src</Filter>
    </ClInclude>
    <ClInclude Include="..\src\strchunk.h">
      <Filter>src</Filter>
    </ClInclude>
    <ClInclude Include="..\src\erachunk.h">
      <Filter>src</Filter>
    </ClInclude>
    <ClInclude Include="..\src\trigchunk.h">
      <Filter>src</Filter>
    </ClInclude>
  </ItemGroup>
</Project>